{
  "requires": true,
  "lockfileVersion": 1,
  "dependencies": {
    "@babel/runtime": {
      "version": "7.17.9",
      "resolved": "https://registry.npmjs.org/@babel/runtime/-/runtime-7.17.9.tgz",
      "integrity": "sha512-lSiBBvodq29uShpWGNbgFdKYNiFDo5/HIYsaCEY9ff4sb10x9jizo2+pRrSyF4jKZCXqgzuqBOQKbUm90gQwJg==",
      "requires": {
        "regenerator-runtime": "^0.13.4"
      }
    },
    "@babel/runtime-corejs3": {
      "version": "7.17.9",
      "resolved": "https://registry.npmjs.org/@babel/runtime-corejs3/-/runtime-corejs3-7.17.9.tgz",
      "integrity": "sha512-WxYHHUWF2uZ7Hp1K+D1xQgbgkGUfA+5UPOegEXGt2Y5SMog/rYCVaifLZDbw8UkNXozEqqrZTy6bglL7xTaCOw==",
      "requires": {
        "core-js-pure": "^3.20.2",
        "regenerator-runtime": "^0.13.4"
      }
    },
    "@okta/okta-auth-js": {
      "version": "6.4.0",
      "resolved": "https://registry.npmjs.org/@okta/okta-auth-js/-/okta-auth-js-6.4.0.tgz",
      "integrity": "sha512-Y9bPPwK/Ic8f5Yb0l97SIK/UeyACoOU4m3WkqnQ9RpG3beZkXDc5D5HRgMcB0vAvZjdiBEWvP6lCR3aiGwNJkg==",
      "requires": {
        "@babel/runtime": "^7.12.5",
        "@babel/runtime-corejs3": "^7.17.0",
        "@peculiar/webcrypto": "1.1.6",
        "Base64": "1.1.0",
        "atob": "^2.1.2",
        "broadcast-channel": "^4.10.0",
        "btoa": "^1.2.1",
        "core-js": "^3.6.5",
        "cross-fetch": "^3.1.5",
        "js-cookie": "^3.0.1",
        "jsonpath-plus": "^6.0.1",
        "node-cache": "^5.1.2",
        "p-cancelable": "^2.0.0",
        "text-encoding": "^0.7.0",
        "tiny-emitter": "1.1.0",
        "webcrypto-shim": "^0.1.5",
        "xhr2": "0.1.3"
      }
    },
    "@peculiar/asn1-schema": {
      "version": "2.1.0",
      "resolved": "https://registry.npmjs.org/@peculiar/asn1-schema/-/asn1-schema-2.1.0.tgz",
      "integrity": "sha512-D6g4C5YRKC/iPujMAOXuZ7YGdaoMx8GsvWzfVSyx2LYeL38ECOKNywlYAuwbqQvON64lgsYdAujWQPX8hhoBLw==",
      "requires": {
        "@types/asn1js": "^2.0.2",
        "asn1js": "^2.3.1",
        "pvtsutils": "^1.2.1",
        "tslib": "^2.3.1"
      }
    },
    "@peculiar/json-schema": {
      "version": "1.1.12",
      "resolved": "https://registry.npmjs.org/@peculiar/json-schema/-/json-schema-1.1.12.tgz",
      "integrity": "sha512-coUfuoMeIB7B8/NMekxaDzLhaYmp0HZNPEjYRm9goRou8UZIC3z21s0sL9AWoCw4EG876QyO3kYrc61WNF9B/w==",
      "requires": {
        "tslib": "^2.0.0"
      }
    },
    "@peculiar/webcrypto": {
      "version": "1.1.6",
      "resolved": "https://registry.npmjs.org/@peculiar/webcrypto/-/webcrypto-1.1.6.tgz",
      "integrity": "sha512-xcTjouis4Y117mcsJslWAGypwhxtXslkVdRp7e3tHwtuw0/xCp1te8RuMMv/ia5TsvxomcyX/T+qTbRZGLLvyA==",
      "requires": {
        "@peculiar/asn1-schema": "^2.0.27",
        "@peculiar/json-schema": "^1.1.12",
        "pvtsutils": "^1.1.2",
        "tslib": "^2.1.0",
        "webcrypto-core": "^1.2.0"
      }
    },
    "@types/asn1js": {
      "version": "2.0.2",
      "resolved": "https://registry.npmjs.org/@types/asn1js/-/asn1js-2.0.2.tgz",
      "integrity": "sha512-t4YHCgtD+ERvH0FyxvNlYwJ2ezhqw7t+Ygh4urQ7dJER8i185JPv6oIM3ey5YQmGN6Zp9EMbpohkjZi9t3UxwA=="
    },
    "Base64": {
      "version": "1.1.0",
      "resolved": "https://registry.npmjs.org/Base64/-/Base64-1.1.0.tgz",
      "integrity": "sha512-qeacf8dvGpf+XAT27ESHMh7z84uRzj/ua2pQdJg483m3bEXv/kVFtDnMgvf70BQGqzbZhR9t6BmASzKvqfJf3Q=="
    },
    "asn1js": {
      "version": "2.3.2",
      "resolved": "https://registry.npmjs.org/asn1js/-/asn1js-2.3.2.tgz",
      "integrity": "sha512-IYzujqcOk7fHaePpTyvD3KPAA0AjT3qZlaQAw76zmPPAV/XTjhO+tbHjbFbIQZIhw+fk9wCSfb0Z6K+JHe8Q2g==",
      "requires": {
        "pvutils": "^1.1.3"
      }
    },
    "atob": {
      "version": "2.1.2",
      "resolved": "https://registry.npmjs.org/atob/-/atob-2.1.2.tgz",
      "integrity": "sha512-Wm6ukoaOGJi/73p/cl2GvLjTI5JM1k/O14isD73YML8StrH/7/lRFgmg8nICZgD3bZZvjwCGxtMOD3wWNAu8cg=="
    },
    "balanced-match": {
      "version": "1.0.2",
      "resolved": "https://registry.npmjs.org/balanced-match/-/balanced-match-1.0.2.tgz",
      "integrity": "sha512-3oSeUO0TMV67hN1AmbXsK4yaqU7tjiHlbxRDZOpH0KW9+CeX4bRAaX0Anxt0tx2MrpRpWwQaPwIlISEJhYU5Pw=="
    },
    "big-integer": {
      "version": "1.6.51",
      "resolved": "https://registry.npmjs.org/big-integer/-/big-integer-1.6.51.tgz",
      "integrity": "sha512-GPEid2Y9QU1Exl1rpO9B2IPJGHPSupF5GnVIP0blYvNOMer2bTvSWs1jGOUg04hTmu67nmLsQ9TBo1puaotBHg=="
    },
    "brace-expansion": {
      "version": "1.1.11",
      "resolved": "https://registry.npmjs.org/brace-expansion/-/brace-expansion-1.1.11.tgz",
      "integrity": "sha512-iCuPHDFgrHX7H2vEI/5xpz07zSHB00TpugqhmYtVmMO6518mCuRMoOYFldEBl0g187ufozdaHgWKcYFb61qGiA==",
      "requires": {
        "balanced-match": "^1.0.0",
        "concat-map": "0.0.1"
      }
    },
    "broadcast-channel": {
      "version": "4.10.0",
      "resolved": "https://registry.npmjs.org/broadcast-channel/-/broadcast-channel-4.10.0.tgz",
      "integrity": "sha512-hOUh312XyHk6JTVyX9cyXaH1UYs+2gHVtnW16oQAu9FL7ALcXGXc/YoJWqlkV8vUn14URQPMmRi4A9q4UrwVEQ==",
      "requires": {
        "@babel/runtime": "^7.16.0",
        "detect-node": "^2.1.0",
        "microseconds": "0.2.0",
        "nano-time": "1.0.0",
        "oblivious-set": "1.0.0",
        "p-queue": "6.6.2",
        "rimraf": "3.0.2",
        "unload": "2.3.1"
      }
    },
    "btoa": {
      "version": "1.2.1",
      "resolved": "https://registry.npmjs.org/btoa/-/btoa-1.2.1.tgz",
      "integrity": "sha512-SB4/MIGlsiVkMcHmT+pSmIPoNDoHg+7cMzmt3Uxt628MTz2487DKSqK/fuhFBrkuqrYv5UCEnACpF4dTFNKc/g=="
    },
    "clone": {
      "version": "2.1.2",
      "resolved": "https://registry.npmjs.org/clone/-/clone-2.1.2.tgz",
      "integrity": "sha1-G39Ln1kfHo+DZwQBYANFoCiHQ18="
    },
    "concat-map": {
      "version": "0.0.1",
      "resolved": "https://registry.npmjs.org/concat-map/-/concat-map-0.0.1.tgz",
      "integrity": "sha1-2Klr13/Wjfd5OnMDajug1UBdR3s="
    },
    "core-js": {
      "version": "3.21.1",
      "resolved": "https://registry.npmjs.org/core-js/-/core-js-3.21.1.tgz",
      "integrity": "sha512-FRq5b/VMrWlrmCzwRrpDYNxyHP9BcAZC+xHJaqTgIE5091ZV1NTmyh0sGOg5XqpnHvR0svdy0sv1gWA1zmhxig=="
    },
    "core-js-pure": {
      "version": "3.21.1",
      "resolved": "https://registry.npmjs.org/core-js-pure/-/core-js-pure-3.21.1.tgz",
      "integrity": "sha512-12VZfFIu+wyVbBebyHmRTuEE/tZrB4tJToWcwAMcsp3h4+sHR+fMJWbKpYiCRWlhFBq+KNyO8rIV9rTkeVmznQ=="
    },
    "cross-fetch": {
      "version": "3.1.5",
      "resolved": "https://registry.npmjs.org/cross-fetch/-/cross-fetch-3.1.5.tgz",
      "integrity": "sha512-lvb1SBsI0Z7GDwmuid+mU3kWVBwTVUbe7S0H52yaaAdQOXq2YktTCZdlAcNKFzE6QtRz0snpw9bNiPeOIkkQvw==",
      "requires": {
        "node-fetch": "2.6.7"
      }
    },
    "detect-node": {
      "version": "2.1.0",
      "resolved": "https://registry.npmjs.org/detect-node/-/detect-node-2.1.0.tgz",
      "integrity": "sha512-T0NIuQpnTvFDATNuHN5roPwSBG83rFsuO+MXXH9/3N1eFbn4wcPjttvjMLEPWJ0RGUYgQE7cGgS3tNxbqCGM7g=="
    },
    "eventemitter3": {
      "version": "4.0.7",
      "resolved": "https://registry.npmjs.org/eventemitter3/-/eventemitter3-4.0.7.tgz",
      "integrity": "sha512-8guHBZCwKnFhYdHr2ysuRWErTwhoN2X8XELRlrRwpmfeY2jjuUN4taQMsULKUVo1K4DvZl+0pgfyoysHxvmvEw=="
    },
    "fs.realpath": {
      "version": "1.0.0",
      "resolved": "https://registry.npmjs.org/fs.realpath/-/fs.realpath-1.0.0.tgz",
      "integrity": "sha1-FQStJSMVjKpA20onh8sBQRmU6k8="
    },
    "glob": {
      "version": "7.2.0",
      "resolved": "https://registry.npmjs.org/glob/-/glob-7.2.0.tgz",
      "integrity": "sha512-lmLf6gtyrPq8tTjSmrO94wBeQbFR3HbLHbuyD69wuyQkImp2hWqMGB47OX65FBkPffO641IP9jWa1z4ivqG26Q==",
      "requires": {
        "fs.realpath": "^1.0.0",
        "inflight": "^1.0.4",
        "inherits": "2",
        "minimatch": "^3.0.4",
        "once": "^1.3.0",
        "path-is-absolute": "^1.0.0"
      }
    },
    "inflight": {
      "version": "1.0.6",
      "resolved": "https://registry.npmjs.org/inflight/-/inflight-1.0.6.tgz",
      "integrity": "sha1-Sb1jMdfQLQwJvJEKEHW6gWW1bfk=",
      "requires": {
        "once": "^1.3.0",
        "wrappy": "1"
      }
    },
    "inherits": {
      "version": "2.0.4",
      "resolved": "https://registry.npmjs.org/inherits/-/inherits-2.0.4.tgz",
      "integrity": "sha512-k/vGaX4/Yla3WzyMCvTQOXYeIHvqOKtnqBduzTHpzpQZzAskKMhZ2K+EnBiSM9zGSoIFeMpXKxa4dYeZIQqewQ=="
    },
    "js-cookie": {
      "version": "3.0.1",
      "resolved": "https://registry.npmjs.org/js-cookie/-/js-cookie-3.0.1.tgz",
      "integrity": "sha512-+0rgsUXZu4ncpPxRL+lNEptWMOWl9etvPHc/koSRp6MPwpRYAhmk0dUG00J4bxVV3r9uUzfo24wW0knS07SKSw=="
    },
    "jsonpath-plus": {
      "version": "6.0.1",
      "resolved": "https://registry.npmjs.org/jsonpath-plus/-/jsonpath-plus-6.0.1.tgz",
      "integrity": "sha512-EvGovdvau6FyLexFH2OeXfIITlgIbgZoAZe3usiySeaIDm5QS+A10DKNpaPBBqqRSZr2HN6HVNXxtwUAr2apEw=="
    },
    "microseconds": {
      "version": "0.2.0",
      "resolved": "https://registry.npmjs.org/microseconds/-/microseconds-0.2.0.tgz",
      "integrity": "sha512-n7DHHMjR1avBbSpsTBj6fmMGh2AGrifVV4e+WYc3Q9lO+xnSZ3NyhcBND3vzzatt05LFhoKFRxrIyklmLlUtyA=="
    },
    "minimatch": {
      "version": "3.1.2",
      "resolved": "https://registry.npmjs.org/minimatch/-/minimatch-3.1.2.tgz",
      "integrity": "sha512-J7p63hRiAjw1NDEww1W7i37+ByIrOWO5XQQAzZ3VOcL0PNybwpfmV/N05zFAzwQ9USyEcX6t3UO+K5aqBQOIHw==",
      "requires": {
        "brace-expansion": "^1.1.7"
      }
    },
    "nano-time": {
      "version": "1.0.0",
      "resolved": "https://registry.npmjs.org/nano-time/-/nano-time-1.0.0.tgz",
      "integrity": "sha1-sFVPaa2J4i0JB/ehKwmTpdlhN+8=",
      "requires": {
        "big-integer": "^1.6.16"
      }
    },
    "node-cache": {
      "version": "5.1.2",
      "resolved": "https://registry.npmjs.org/node-cache/-/node-cache-5.1.2.tgz",
      "integrity": "sha512-t1QzWwnk4sjLWaQAS8CHgOJ+RAfmHpxFWmc36IWTiWHQfs0w5JDMBS1b1ZxQteo0vVVuWJvIUKHDkkeK7vIGCg==",
      "requires": {
        "clone": "2.x"
      }
    },
    "node-fetch": {
      "version": "2.6.7",
      "resolved": "https://registry.npmjs.org/node-fetch/-/node-fetch-2.6.7.tgz",
      "integrity": "sha512-ZjMPFEfVx5j+y2yF35Kzx5sF7kDzxuDj6ziH4FFbOp87zKDZNx8yExJIb05OGF4Nlt9IHFIMBkRl41VdvcNdbQ==",
      "requires": {
        "whatwg-url": "^5.0.0"
      }
    },
    "oblivious-set": {
      "version": "1.0.0",
      "resolved": "https://registry.npmjs.org/oblivious-set/-/oblivious-set-1.0.0.tgz",
      "integrity": "sha512-z+pI07qxo4c2CulUHCDf9lcqDlMSo72N/4rLUpRXf6fu+q8vjt8y0xS+Tlf8NTJDdTXHbdeO1n3MlbctwEoXZw=="
    },
    "once": {
      "version": "1.4.0",
      "resolved": "https://registry.npmjs.org/once/-/once-1.4.0.tgz",
      "integrity": "sha1-WDsap3WWHUsROsF9nFC6753Xa9E=",
      "requires": {
        "wrappy": "1"
      }
    },
    "p-cancelable": {
      "version": "2.1.1",
      "resolved": "https://registry.npmjs.org/p-cancelable/-/p-cancelable-2.1.1.tgz",
      "integrity": "sha512-BZOr3nRQHOntUjTrH8+Lh54smKHoHyur8We1V8DSMVrl5A2malOOwuJRnKRDjSnkoeBh4at6BwEnb5I7Jl31wg=="
    },
    "p-finally": {
      "version": "1.0.0",
      "resolved": "https://registry.npmjs.org/p-finally/-/p-finally-1.0.0.tgz",
      "integrity": "sha1-P7z7FbiZpEEjs0ttzBi3JDNqLK4="
    },
    "p-queue": {
      "version": "6.6.2",
      "resolved": "https://registry.npmjs.org/p-queue/-/p-queue-6.6.2.tgz",
      "integrity": "sha512-RwFpb72c/BhQLEXIZ5K2e+AhgNVmIejGlTgiB9MzZ0e93GRvqZ7uSi0dvRF7/XIXDeNkra2fNHBxTyPDGySpjQ==",
      "requires": {
        "eventemitter3": "^4.0.4",
        "p-timeout": "^3.2.0"
      }
    },
    "p-timeout": {
      "version": "3.2.0",
      "resolved": "https://registry.npmjs.org/p-timeout/-/p-timeout-3.2.0.tgz",
      "integrity": "sha512-rhIwUycgwwKcP9yTOOFK/AKsAopjjCakVqLHePO3CC6Mir1Z99xT+R63jZxAT5lFZLa2inS5h+ZS2GvR99/FBg==",
      "requires": {
        "p-finally": "^1.0.0"
      }
    },
    "path-is-absolute": {
      "version": "1.0.1",
      "resolved": "https://registry.npmjs.org/path-is-absolute/-/path-is-absolute-1.0.1.tgz",
      "integrity": "sha1-F0uSaHNVNP+8es5r9TpanhtcX18="
    },
    "pvtsutils": {
      "version": "1.2.2",
      "resolved": "https://registry.npmjs.org/pvtsutils/-/pvtsutils-1.2.2.tgz",
      "integrity": "sha512-OALo5ZEdqiI127i64+CXwkCOyFHUA+tCQgaUO/MvRDFXWPr53f2sx28ECNztUEzuyu5xvuuD1EB/szg9mwJoGA==",
      "requires": {
        "tslib": "^2.3.1"
      }
    },
    "pvutils": {
      "version": "1.1.3",
      "resolved": "https://registry.npmjs.org/pvutils/-/pvutils-1.1.3.tgz",
      "integrity": "sha512-pMpnA0qRdFp32b1sJl1wOJNxZLQ2cbQx+k6tjNtZ8CpvVhNqEPRgivZ2WOUev2YMajecdH7ctUPDvEe87nariQ=="
    },
    "regenerator-runtime": {
      "version": "0.13.9",
      "resolved": "https://registry.npmjs.org/regenerator-runtime/-/regenerator-runtime-0.13.9.tgz",
      "integrity": "sha512-p3VT+cOEgxFsRRA9X4lkI1E+k2/CtnKtU4gcxyaCUreilL/vqI6CdZ3wxVUx3UOUg+gnUOQQcRI7BmSI656MYA=="
    },
    "rimraf": {
      "version": "3.0.2",
      "resolved": "https://registry.npmjs.org/rimraf/-/rimraf-3.0.2.tgz",
      "integrity": "sha512-JZkJMZkAGFFPP2YqXZXPbMlMBgsxzE8ILs4lMIX/2o0L9UBw9O/Y3o6wFw/i9YLapcUJWwqbi3kdxIPdC62TIA==",
      "requires": {
        "glob": "^7.1.3"
      }
    },
    "text-encoding": {
      "version": "0.7.0",
      "resolved": "https://registry.npmjs.org/text-encoding/-/text-encoding-0.7.0.tgz",
      "integrity": "sha512-oJQ3f1hrOnbRLOcwKz0Liq2IcrvDeZRHXhd9RgLrsT+DjWY/nty1Hi7v3dtkaEYbPYe0mUoOfzRrMwfXXwgPUA=="
    },
    "tiny-emitter": {
      "version": "1.1.0",
      "resolved": "https://registry.npmjs.org/tiny-emitter/-/tiny-emitter-1.1.0.tgz",
      "integrity": "sha1-q0BaIf/tgUp2wZc5ZICT1wZU/ss="
    },
    "tr46": {
      "version": "0.0.3",
      "resolved": "https://registry.npmjs.org/tr46/-/tr46-0.0.3.tgz",
      "integrity": "sha1-gYT9NH2snNwYWZLzpmIuFLnZq2o="
    },
    "tslib": {
      "version": "2.3.1",
      "resolved": "https://registry.npmjs.org/tslib/-/tslib-2.3.1.tgz",
      "integrity": "sha512-77EbyPPpMz+FRFRuAFlWMtmgUWGe9UOG2Z25NqCwiIjRhOf5iKGuzSe5P2w1laq+FkRy4p+PCuVkJSGkzTEKVw=="
    },
    "unload": {
      "version": "2.3.1",
      "resolved": "https://registry.npmjs.org/unload/-/unload-2.3.1.tgz",
      "integrity": "sha512-MUZEiDqvAN9AIDRbbBnVYVvfcR6DrjCqeU2YQMmliFZl9uaBUjTkhuDQkBiyAy8ad5bx1TXVbqZ3gg7namsWjA==",
      "requires": {
        "@babel/runtime": "^7.6.2",
        "detect-node": "2.1.0"
      }
    },
    "webcrypto-core": {
      "version": "1.7.3",
      "resolved": "https://registry.npmjs.org/webcrypto-core/-/webcrypto-core-1.7.3.tgz",
      "integrity": "sha512-8TnMtwwC/hQOyvElAOJ26lJKGgcErUG02KnKS1+QhjV4mDvQetVWU1EUEeLF8ICOrdc42+GypocyBJKRqo2kQg==",
      "requires": {
        "@peculiar/asn1-schema": "^2.1.0",
        "@peculiar/json-schema": "^1.1.12",
        "asn1js": "^2.3.2",
        "pvtsutils": "^1.2.2",
        "tslib": "^2.3.1"
      }
    },
    "webcrypto-shim": {
      "version": "0.1.7",
      "resolved": "https://registry.npmjs.org/webcrypto-shim/-/webcrypto-shim-0.1.7.tgz",
      "integrity": "sha512-JAvAQR5mRNRxZW2jKigWMjCMkjSdmP5cColRP1U/pTg69VgHXEi1orv5vVpJ55Zc5MIaPc1aaurzd9pjv2bveg=="
    },
    "webidl-conversions": {
      "version": "3.0.1",
      "resolved": "https://registry.npmjs.org/webidl-conversions/-/webidl-conversions-3.0.1.tgz",
      "integrity": "sha1-JFNCdeKnvGvnvIZhHMFq4KVlSHE="
    },
    "whatwg-url": {
      "version": "5.0.0",
      "resolved": "https://registry.npmjs.org/whatwg-url/-/whatwg-url-5.0.0.tgz",
      "integrity": "sha1-lmRU6HZUYuN2RNNib2dCzotwll0=",
      "requires": {
        "tr46": "~0.0.3",
        "webidl-conversions": "^3.0.0"
      }
    },
    "wrappy": {
      "version": "1.0.2",
      "resolved": "https://registry.npmjs.org/wrappy/-/wrappy-1.0.2.tgz",
      "integrity": "sha1-tSQ9jz7BqjXxNkYFvA0QNuMKtp8="
    },
    "xhr2": {
      "version": "0.1.3",
      "resolved": "https://registry.npmjs.org/xhr2/-/xhr2-0.1.3.tgz",
      "integrity": "sha1-y/xHWaabSoiOeM9PILBRA4dXvRE="
    }
  }
}
